PODS:
  - Capacitor (6.0.0):
    - CapacitorCordova
  - CapacitorApp (6.0.0):
    - Capacitor
  - CapacitorCamera (6.0.0):
    - Capacitor
  - CapacitorCordova (6.0.0)
  - CapacitorFilesystem (6.0.0):
    - Capacitor
  - CapacitorHaptics (6.0.0):
    - Capacitor
  - CapacitorKeyboard (6.0.0):
    - Capacitor
  - CapacitorLiveUpdates (0.2.1):
    - Capacitor
    - IonicLiveUpdates (~> 0.5.1)
  - CapacitorNativeBiometric (0.0.1):
    - Capacitor
  - CapacitorPreferences (6.0.0):
    - Capacitor
  - CapacitorStatusBar (6.0.0):
    - Capacitor
  - CordovaPlugins (6.0.0):
    - CapacitorCordova
  - IonicLiveUpdates (0.5.2)

DEPENDENCIES:
  - "Capacitor (from `../../node_modules/@capacitor/ios`)"
  - "CapacitorApp (from `../../node_modules/@capacitor/app`)"
  - "CapacitorCamera (from `../../node_modules/@capacitor/camera`)"
  - "CapacitorCordova (from `../../node_modules/@capacitor/ios`)"
  - "CapacitorFilesystem (from `../../node_modules/@capacitor/filesystem`)"
  - "CapacitorHaptics (from `../../node_modules/@capacitor/haptics`)"
  - "CapacitorKeyboard (from `../../node_modules/@capacitor/keyboard`)"
  - "CapacitorLiveUpdates (from `../../node_modules/@capacitor/live-updates`)"
  - CapacitorNativeBiometric (from `../../node_modules/capacitor-native-biometric`)
  - "CapacitorPreferences (from `../../node_modules/@capacitor/preferences`)"
  - "CapacitorStatusBar (from `../../node_modules/@capacitor/status-bar`)"
  - CordovaPlugins (from `../capacitor-cordova-ios-plugins`)

SPEC REPOS:
  trunk:
    - IonicLiveUpdates

EXTERNAL SOURCES:
  Capacitor:
    :path: "../../node_modules/@capacitor/ios"
  CapacitorApp:
    :path: "../../node_modules/@capacitor/app"
  CapacitorCamera:
    :path: "../../node_modules/@capacitor/camera"
  CapacitorCordova:
    :path: "../../node_modules/@capacitor/ios"
  CapacitorFilesystem:
    :path: "../../node_modules/@capacitor/filesystem"
  CapacitorHaptics:
    :path: "../../node_modules/@capacitor/haptics"
  CapacitorKeyboard:
    :path: "../../node_modules/@capacitor/keyboard"
  CapacitorLiveUpdates:
    :path: "../../node_modules/@capacitor/live-updates"
  CapacitorNativeBiometric:
    :path: "../../node_modules/capacitor-native-biometric"
  CapacitorPreferences:
    :path: "../../node_modules/@capacitor/preferences"
  CapacitorStatusBar:
    :path: "../../node_modules/@capacitor/status-bar"
  CordovaPlugins:
    :path: "../capacitor-cordova-ios-plugins"

SPEC CHECKSUMS:
  Capacitor: 559d073c4ca6c27f8e7002c807eea94c3ba435a9
  CapacitorApp: 9d53aec7101f7b030a950c5bdc4df8612576b279
  CapacitorCamera: b61f125d92a0ef75d7becb7956fed7dd13187ee0
  CapacitorCordova: 8c4bfdf69368512e85b1d8b724dd7546abeb30af
  CapacitorFilesystem: 60e59ba274c234a979e7a3be2552feaadcee4263
  CapacitorHaptics: 9ebc9363f0e9b8eb4295088a0b474530acf1859b
  CapacitorKeyboard: deacbd09d8d1029c3681197fb05d206b721d5f73
  CapacitorLiveUpdates: 944b643605f6f00b4462ce6318e5c9ecc1c60951
  CapacitorNativeBiometric: b47637a8cd349bdac014424bb4ddcae9ee5d4919
  CapacitorPreferences: c9b839a80baa72e4ed4bdb117618e1950d3046b5
  CapacitorStatusBar: 2e4369f99166125435641b1908d05f561eaba6f6
  CordovaPlugins: f93d8cb50a534f19bda610c42e12f9711df087e9
  IonicLiveUpdates: d14e4b0e6a46c492b9e48390ed51a79278059bfd

PODFILE CHECKSUM: 17dfd7c76695e8224c9d88d7bccc0bf1ec72d98f

COCOAPODS: 1.15.2
